// !$*UTF8*$!
{
	archiveVersion = 1;
	classes = {
	};
	objectVersion = 55;
	objects = {

/* Begin PBXBuildFile section */
		2C154D2A2865685800BBC7DE /* SpoolerViewController.swift in Sources */ = {isa = PBXBuildFile; fileRef = 2C154D292865685800BBC7DE /* SpoolerViewController.swift */; };
		881AAC16275F4D7300D6ED67 /* logo_01.png in Resources */ = {isa = PBXBuildFile; fileRef = 881AAC15275F4D7300D6ED67 /* logo_01.png */; };
		8882FC91279968E0003AA845 /* StarIO10 in Frameworks */ = {isa = PBXBuildFile; productRef = 8882FC90279968E0003AA845 /* StarIO10 */; };
		9D33236C2ADD0B6F004B5AE8 /* Sample15_GraphicReceipt.swift in Sources */ = {isa = PBXBuildFile; fileRef = 9D33236B2ADD0B6E004B5AE8 /* Sample15_GraphicReceipt.swift */; };
		AA2AE050272A8CCD00679414 /* AppDelegate.swift in Sources */ = {isa = PBXBuildFile; fileRef = AA2AE04F272A8CCD00679414 /* AppDelegate.swift */; };
		AA2AE052272A8CCD00679414 /* SceneDelegate.swift in Sources */ = {isa = PBXBuildFile; fileRef = AA2AE051272A8CCD00679414 /* SceneDelegate.swift */; };
		AA2AE054272A8CCD00679414 /* ViewController.swift in Sources */ = {isa = PBXBuildFile; fileRef = AA2AE053272A8CCD00679414 /* ViewController.swift */; };
		AA2AE057272A8CCD00679414 /* Main.storyboard in Resources */ = {isa = PBXBuildFile; fileRef = AA2AE055272A8CCD00679414 /* Main.storyboard */; };
		AA2AE059272A8CCF00679414 /* Assets.xcassets in Resources */ = {isa = PBXBuildFile; fileRef = AA2AE058272A8CCF00679414 /* Assets.xcassets */; };
		AA2AE05C272A8CCF00679414 /* LaunchScreen.storyboard in Resources */ = {isa = PBXBuildFile; fileRef = AA2AE05A272A8CCF00679414 /* LaunchScreen.storyboard */; };
		AA2AE064272B788D00679414 /* DiscoveryViewController.swift in Sources */ = {isa = PBXBuildFile; fileRef = AA2AE063272B788D00679414 /* DiscoveryViewController.swift */; };
		AA2AE06B272B8D2700679414 /* PrintingViewController.swift in Sources */ = {isa = PBXBuildFile; fileRef = AA2AE06A272B8D2700679414 /* PrintingViewController.swift */; };
		AA2AE06D272B9DDF00679414 /* MonitorViewController.swift in Sources */ = {isa = PBXBuildFile; fileRef = AA2AE06C272B9DDF00679414 /* MonitorViewController.swift */; };
		AA2AE06F272BB9AB00679414 /* StatusViewController.swift in Sources */ = {isa = PBXBuildFile; fileRef = AA2AE06E272BB9AB00679414 /* StatusViewController.swift */; };
		DD32E7A228EA759600372CB9 /* Sample01_TamperProofLabel.swift in Sources */ = {isa = PBXBuildFile; fileRef = DD32E79F28EA759600372CB9 /* Sample01_TamperProofLabel.swift */; };
		DD32E7A928EEB01800372CB9 /* sample01_tamper_proof_label_checked.png in Resources */ = {isa = PBXBuildFile; fileRef = DD32E7A828EEB01800372CB9 /* sample01_tamper_proof_label_checked.png */; };
		DD32E7AB28EEB01E00372CB9 /* sample12_japanese_food_label_lunch_box_plastic.png in Resources */ = {isa = PBXBuildFile; fileRef = DD32E7AA28EEB01E00372CB9 /* sample12_japanese_food_label_lunch_box_plastic.png */; };
		DD32E7AD28EEB02400372CB9 /* sample13_japanese_food_label_lunch_cake_plastic.png in Resources */ = {isa = PBXBuildFile; fileRef = DD32E7AC28EEB02400372CB9 /* sample13_japanese_food_label_lunch_cake_plastic.png */; };
		DD32E7AF28EEB05900372CB9 /* Sample08_FoodProductLabel.swift in Sources */ = {isa = PBXBuildFile; fileRef = DD32E7AE28EEB05900372CB9 /* Sample08_FoodProductLabel.swift */; };
		DD32E7B128EEB06700372CB9 /* Sample02_DrinkLabel.swift in Sources */ = {isa = PBXBuildFile; fileRef = DD32E7B028EEB06700372CB9 /* Sample02_DrinkLabel.swift */; };
		DD32E7B328EEB07300372CB9 /* Sample03_NutritionFactsLabel.swift in Sources */ = {isa = PBXBuildFile; fileRef = DD32E7B228EEB07300372CB9 /* Sample03_NutritionFactsLabel.swift */; };
		DD32E7B528EEB07D00372CB9 /* Sample04_FoodPrepLabel.swift in Sources */ = {isa = PBXBuildFile; fileRef = DD32E7B428EEB07D00372CB9 /* Sample04_FoodPrepLabel.swift */; };
		DD32E7B728EEB08700372CB9 /* Sample06_ShippingAddressLabel.swift in Sources */ = {isa = PBXBuildFile; fileRef = DD32E7B628EEB08700372CB9 /* Sample06_ShippingAddressLabel.swift */; };
		DD32E7B928EEB09100372CB9 /* Sample10_FoodDeliveryThai.swift in Sources */ = {isa = PBXBuildFile; fileRef = DD32E7B828EEB09100372CB9 /* Sample10_FoodDeliveryThai.swift */; };
		DD32E7BB28EEB09C00372CB9 /* Sample07_InventoryLabel.swift in Sources */ = {isa = PBXBuildFile; fileRef = DD32E7BA28EEB09C00372CB9 /* Sample07_InventoryLabel.swift */; };
		DD32E7BD28EEB0A700372CB9 /* Sample09_ExpirationLabelJP.swift in Sources */ = {isa = PBXBuildFile; fileRef = DD32E7BC28EEB0A700372CB9 /* Sample09_ExpirationLabelJP.swift */; };
		DD32E7BF28EEB0B200372CB9 /* Sample12_JapaneseFoodLabelLunchBox.swift in Sources */ = {isa = PBXBuildFile; fileRef = DD32E7BE28EEB0B200372CB9 /* Sample12_JapaneseFoodLabelLunchBox.swift */; };
		DD32E7C128EEB0BE00372CB9 /* Sample13_JapaneseFoodLabelCake.swift in Sources */ = {isa = PBXBuildFile; fileRef = DD32E7C028EEB0BE00372CB9 /* Sample13_JapaneseFoodLabelCake.swift */; };
		DD32E7C328EEB0C600372CB9 /* Sample14_ShelfLabelForInventory.swift in Sources */ = {isa = PBXBuildFile; fileRef = DD32E7C228EEB0C600372CB9 /* Sample14_ShelfLabelForInventory.swift */; };
		DD32E7C528EEB0CF00372CB9 /* Sample11_DeliLabel.swift in Sources */ = {isa = PBXBuildFile; fileRef = DD32E7C428EEB0CF00372CB9 /* Sample11_DeliLabel.swift */; };
		DD32E7C728F4E50A00372CB9 /* PrintingSamples.md in Resources */ = {isa = PBXBuildFile; fileRef = DD32E7C628F4E50A00372CB9 /* PrintingSamples.md */; };
		DD87A8A3296E138F00FAC6CC /* Sample01_TamperProofLabel.png in Resources */ = {isa = PBXBuildFile; fileRef = DD87A8A2296E138F00FAC6CC /* Sample01_TamperProofLabel.png */; };
		DD87A8A5296E139700FAC6CC /* Sample02_DrinkLabel.png in Resources */ = {isa = PBXBuildFile; fileRef = DD87A8A4296E139700FAC6CC /* Sample02_DrinkLabel.png */; };
		DD87A8A7296E139E00FAC6CC /* Sample03_NutritionFactsLabel.png in Resources */ = {isa = PBXBuildFile; fileRef = DD87A8A6296E139E00FAC6CC /* Sample03_NutritionFactsLabel.png */; };
		DD87A8A9296E13B700FAC6CC /* Sample04_FoodPrepLabel.png in Resources */ = {isa = PBXBuildFile; fileRef = DD87A8A8296E13B700FAC6CC /* Sample04_FoodPrepLabel.png */; };
		DD87A8AB296E13C100FAC6CC /* Sample05_FoodDelivery.png in Resources */ = {isa = PBXBuildFile; fileRef = DD87A8AA296E13C100FAC6CC /* Sample05_FoodDelivery.png */; };
		DD87A8AD296E13CA00FAC6CC /* Sample06_ShippingAddressLabel.png in Resources */ = {isa = PBXBuildFile; fileRef = DD87A8AC296E13CA00FAC6CC /* Sample06_ShippingAddressLabel.png */; };
		DD87A8AF296E13D200FAC6CC /* Sample07_InventoryLabel.png in Resources */ = {isa = PBXBuildFile; fileRef = DD87A8AE296E13D200FAC6CC /* Sample07_InventoryLabel.png */; };
		DD87A8B1296E13D800FAC6CC /* Sample08_FoodProductLabel.png in Resources */ = {isa = PBXBuildFile; fileRef = DD87A8B0296E13D800FAC6CC /* Sample08_FoodProductLabel.png */; };
		DD87A8B3296E13E200FAC6CC /* Sample09_ExpirationLabelJP.png in Resources */ = {isa = PBXBuildFile; fileRef = DD87A8B2296E13E200FAC6CC /* Sample09_ExpirationLabelJP.png */; };
		DD87A8B5296E13E800FAC6CC /* Sample10_FoodDeliveryThai.png in Resources */ = {isa = PBXBuildFile; fileRef = DD87A8B4296E13E800FAC6CC /* Sample10_FoodDeliveryThai.png */; };
		DD87A8B7296E13F100FAC6CC /* Sample11_DeliLabel.png in Resources */ = {isa = PBXBuildFile; fileRef = DD87A8B6296E13F100FAC6CC /* Sample11_DeliLabel.png */; };
		DD87A8B9296E13FA00FAC6CC /* Sample12_JapaneseFoodLabelLunchBox.png in Resources */ = {isa = PBXBuildFile; fileRef = DD87A8B8296E13FA00FAC6CC /* Sample12_JapaneseFoodLabelLunchBox.png */; };
		DD87A8BB296E140100FAC6CC /* Sample13_JapaneseFoodLabelCake.png in Resources */ = {isa = PBXBuildFile; fileRef = DD87A8BA296E140100FAC6CC /* Sample13_JapaneseFoodLabelCake.png */; };
		DD87A8BD296E140800FAC6CC /* Sample14_ShelfLabelForInventory.png in Resources */ = {isa = PBXBuildFile; fileRef = DD87A8BC296E140800FAC6CC /* Sample14_ShelfLabelForInventory.png */; };
		DD87A8C3296E740800FAC6CC /* Sample05_FoodDelivery.swift in Sources */ = {isa = PBXBuildFile; fileRef = DD87A8C2296E740800FAC6CC /* Sample05_FoodDelivery.swift */; };
/* End PBXBuildFile section */

/* Begin PBXFileReference section */
		2C154D292865685800BBC7DE /* SpoolerViewController.swift */ = {isa = PBXFileReference; fileEncoding = 4; lastKnownFileType = sourcecode.swift; path = SpoolerViewController.swift; sourceTree = "<group>"; };
		881AAC15275F4D7300D6ED67 /* logo_01.png */ = {isa = PBXFileReference; lastKnownFileType = image.png; path = logo_01.png; sourceTree = "<group>"; };
		8882FC8F27996794003AA845 /* starxpand_sdk_ios_swift */ = {isa = PBXFileReference; lastKnownFileType = wrapper; name = starxpand_sdk_ios_swift; path = ..; sourceTree = "<group>"; };
		9D33236B2ADD0B6E004B5AE8 /* Sample15_GraphicReceipt.swift */ = {isa = PBXFileReference; fileEncoding = 4; lastKnownFileType = sourcecode.swift; path = Sample15_GraphicReceipt.swift; sourceTree = "<group>"; };
		AA2AE04C272A8CCD00679414 /* StarXpandSDK.app */ = {isa = PBXFileReference; explicitFileType = wrapper.application; includeInIndex = 0; path = StarXpandSDK.app; sourceTree = BUILT_PRODUCTS_DIR; };
		AA2AE04F272A8CCD00679414 /* AppDelegate.swift */ = {isa = PBXFileReference; lastKnownFileType = sourcecode.swift; path = AppDelegate.swift; sourceTree = "<group>"; };
		AA2AE051272A8CCD00679414 /* SceneDelegate.swift */ = {isa = PBXFileReference; lastKnownFileType = sourcecode.swift; path = SceneDelegate.swift; sourceTree = "<group>"; };
		AA2AE053272A8CCD00679414 /* ViewController.swift */ = {isa = PBXFileReference; lastKnownFileType = sourcecode.swift; path = ViewController.swift; sourceTree = "<group>"; };
		AA2AE056272A8CCD00679414 /* Base */ = {isa = PBXFileReference; lastKnownFileType = file.storyboard; name = Base; path = Base.lproj/Main.storyboard; sourceTree = "<group>"; };
		AA2AE058272A8CCF00679414 /* Assets.xcassets */ = {isa = PBXFileReference; lastKnownFileType = folder.assetcatalog; path = Assets.xcassets; sourceTree = "<group>"; };
		AA2AE05B272A8CCF00679414 /* Base */ = {isa = PBXFileReference; lastKnownFileType = file.storyboard; name = Base; path = Base.lproj/LaunchScreen.storyboard; sourceTree = "<group>"; };
		AA2AE05D272A8CCF00679414 /* Info.plist */ = {isa = PBXFileReference; lastKnownFileType = text.plist.xml; path = Info.plist; sourceTree = "<group>"; };
		AA2AE063272B788D00679414 /* DiscoveryViewController.swift */ = {isa = PBXFileReference; lastKnownFileType = sourcecode.swift; path = DiscoveryViewController.swift; sourceTree = "<group>"; };
		AA2AE06A272B8D2700679414 /* PrintingViewController.swift */ = {isa = PBXFileReference; lastKnownFileType = sourcecode.swift; path = PrintingViewController.swift; sourceTree = "<group>"; };
		AA2AE06C272B9DDF00679414 /* MonitorViewController.swift */ = {isa = PBXFileReference; lastKnownFileType = sourcecode.swift; path = MonitorViewController.swift; sourceTree = "<group>"; };
		AA2AE06E272BB9AB00679414 /* StatusViewController.swift */ = {isa = PBXFileReference; lastKnownFileType = sourcecode.swift; path = StatusViewController.swift; sourceTree = "<group>"; };
		DD32E79F28EA759600372CB9 /* Sample01_TamperProofLabel.swift */ = {isa = PBXFileReference; fileEncoding = 4; lastKnownFileType = sourcecode.swift; path = Sample01_TamperProofLabel.swift; sourceTree = "<group>"; };
		DD32E7A828EEB01800372CB9 /* sample01_tamper_proof_label_checked.png */ = {isa = PBXFileReference; lastKnownFileType = image.png; path = sample01_tamper_proof_label_checked.png; sourceTree = "<group>"; };
		DD32E7AA28EEB01E00372CB9 /* sample12_japanese_food_label_lunch_box_plastic.png */ = {isa = PBXFileReference; lastKnownFileType = image.png; path = sample12_japanese_food_label_lunch_box_plastic.png; sourceTree = "<group>"; };
		DD32E7AC28EEB02400372CB9 /* sample13_japanese_food_label_lunch_cake_plastic.png */ = {isa = PBXFileReference; lastKnownFileType = image.png; path = sample13_japanese_food_label_lunch_cake_plastic.png; sourceTree = "<group>"; };
		DD32E7AE28EEB05900372CB9 /* Sample08_FoodProductLabel.swift */ = {isa = PBXFileReference; lastKnownFileType = sourcecode.swift; path = Sample08_FoodProductLabel.swift; sourceTree = "<group>"; };
		DD32E7B028EEB06700372CB9 /* Sample02_DrinkLabel.swift */ = {isa = PBXFileReference; lastKnownFileType = sourcecode.swift; path = Sample02_DrinkLabel.swift; sourceTree = "<group>"; };
		DD32E7B228EEB07300372CB9 /* Sample03_NutritionFactsLabel.swift */ = {isa = PBXFileReference; lastKnownFileType = sourcecode.swift; path = Sample03_NutritionFactsLabel.swift; sourceTree = "<group>"; };
		DD32E7B428EEB07D00372CB9 /* Sample04_FoodPrepLabel.swift */ = {isa = PBXFileReference; lastKnownFileType = sourcecode.swift; path = Sample04_FoodPrepLabel.swift; sourceTree = "<group>"; };
		DD32E7B628EEB08700372CB9 /* Sample06_ShippingAddressLabel.swift */ = {isa = PBXFileReference; lastKnownFileType = sourcecode.swift; path = Sample06_ShippingAddressLabel.swift; sourceTree = "<group>"; };
		DD32E7B828EEB09100372CB9 /* Sample10_FoodDeliveryThai.swift */ = {isa = PBXFileReference; lastKnownFileType = sourcecode.swift; path = Sample10_FoodDeliveryThai.swift; sourceTree = "<group>"; };
		DD32E7BA28EEB09C00372CB9 /* Sample07_InventoryLabel.swift */ = {isa = PBXFileReference; lastKnownFileType = sourcecode.swift; path = Sample07_InventoryLabel.swift; sourceTree = "<group>"; };
		DD32E7BC28EEB0A700372CB9 /* Sample09_ExpirationLabelJP.swift */ = {isa = PBXFileReference; lastKnownFileType = sourcecode.swift; path = Sample09_ExpirationLabelJP.swift; sourceTree = "<group>"; };
		DD32E7BE28EEB0B200372CB9 /* Sample12_JapaneseFoodLabelLunchBox.swift */ = {isa = PBXFileReference; lastKnownFileType = sourcecode.swift; path = Sample12_JapaneseFoodLabelLunchBox.swift; sourceTree = "<group>"; };
		DD32E7C028EEB0BE00372CB9 /* Sample13_JapaneseFoodLabelCake.swift */ = {isa = PBXFileReference; lastKnownFileType = sourcecode.swift; path = Sample13_JapaneseFoodLabelCake.swift; sourceTree = "<group>"; };
		DD32E7C228EEB0C600372CB9 /* Sample14_ShelfLabelForInventory.swift */ = {isa = PBXFileReference; lastKnownFileType = sourcecode.swift; path = Sample14_ShelfLabelForInventory.swift; sourceTree = "<group>"; };
		DD32E7C428EEB0CF00372CB9 /* Sample11_DeliLabel.swift */ = {isa = PBXFileReference; lastKnownFileType = sourcecode.swift; path = Sample11_DeliLabel.swift; sourceTree = "<group>"; };
		DD32E7C628F4E50A00372CB9 /* PrintingSamples.md */ = {isa = PBXFileReference; fileEncoding = 4; lastKnownFileType = net.daringfireball.markdown; path = PrintingSamples.md; sourceTree = "<group>"; };
		DD87A8A2296E138F00FAC6CC /* Sample01_TamperProofLabel.png */ = {isa = PBXFileReference; lastKnownFileType = image.png; path = Sample01_TamperProofLabel.png; sourceTree = "<group>"; };
		DD87A8A4296E139700FAC6CC /* Sample02_DrinkLabel.png */ = {isa = PBXFileReference; lastKnownFileType = image.png; path = Sample02_DrinkLabel.png; sourceTree = "<group>"; };
		DD87A8A6296E139E00FAC6CC /* Sample03_NutritionFactsLabel.png */ = {isa = PBXFileReference; lastKnownFileType = image.png; path = Sample03_NutritionFactsLabel.png; sourceTree = "<group>"; };
		DD87A8A8296E13B700FAC6CC /* Sample04_FoodPrepLabel.png */ = {isa = PBXFileReference; lastKnownFileType = image.png; path = Sample04_FoodPrepLabel.png; sourceTree = "<group>"; };
		DD87A8AA296E13C100FAC6CC /* Sample05_FoodDelivery.png */ = {isa = PBXFileReference; lastKnownFileType = image.png; path = Sample05_FoodDelivery.png; sourceTree = "<group>"; };
		DD87A8AC296E13CA00FAC6CC /* Sample06_ShippingAddressLabel.png */ = {isa = PBXFileReference; lastKnownFileType = image.png; path = Sample06_ShippingAddressLabel.png; sourceTree = "<group>"; };
		DD87A8AE296E13D200FAC6CC /* Sample07_InventoryLabel.png */ = {isa = PBXFileReference; lastKnownFileType = image.png; path = Sample07_InventoryLabel.png; sourceTree = "<group>"; };
		DD87A8B0296E13D800FAC6CC /* Sample08_FoodProductLabel.png */ = {isa = PBXFileReference; lastKnownFileType = image.png; path = Sample08_FoodProductLabel.png; sourceTree = "<group>"; };
		DD87A8B2296E13E200FAC6CC /* Sample09_ExpirationLabelJP.png */ = {isa = PBXFileReference; lastKnownFileType = image.png; path = Sample09_ExpirationLabelJP.png; sourceTree = "<group>"; };
		DD87A8B4296E13E800FAC6CC /* Sample10_FoodDeliveryThai.png */ = {isa = PBXFileReference; lastKnownFileType = image.png; path = Sample10_FoodDeliveryThai.png; sourceTree = "<group>"; };
		DD87A8B6296E13F100FAC6CC /* Sample11_DeliLabel.png */ = {isa = PBXFileReference; lastKnownFileType = image.png; path = Sample11_DeliLabel.png; sourceTree = "<group>"; };
		DD87A8B8296E13FA00FAC6CC /* Sample12_JapaneseFoodLabelLunchBox.png */ = {isa = PBXFileReference; lastKnownFileType = image.png; path = Sample12_JapaneseFoodLabelLunchBox.png; sourceTree = "<group>"; };
		DD87A8BA296E140100FAC6CC /* Sample13_JapaneseFoodLabelCake.png */ = {isa = PBXFileReference; lastKnownFileType = image.png; path = Sample13_JapaneseFoodLabelCake.png; sourceTree = "<group>"; };
		DD87A8BC296E140800FAC6CC /* Sample14_ShelfLabelForInventory.png */ = {isa = PBXFileReference; lastKnownFileType = image.png; path = Sample14_ShelfLabelForInventory.png; sourceTree = "<group>"; };
		DD87A8C2296E740800FAC6CC /* Sample05_FoodDelivery.swift */ = {isa = PBXFileReference; fileEncoding = 4; lastKnownFileType = sourcecode.swift; path = Sample05_FoodDelivery.swift; sourceTree = "<group>"; };
/* End PBXFileReference section */

/* Begin PBXFrameworksBuildPhase section */
		AA2AE049272A8CCD00679414 /* Frameworks */ = {
			isa = PBXFrameworksBuildPhase;
			buildActionMask = 2147483647;
			files = (
				8882FC91279968E0003AA845 /* StarIO10 in Frameworks */,
			);
			runOnlyForDeploymentPostprocessing = 0;
		};
/* End PBXFrameworksBuildPhase section */

/* Begin PBXGroup section */
		AA2AE043272A8CCD00679414 = {
			isa = PBXGroup;
			children = (
				8882FC8F27996794003AA845 /* starxpand_sdk_ios_swift */,
				AA2AE04E272A8CCD00679414 /* StarXpandSDK */,
				AA2AE04D272A8CCD00679414 /* Products */,
				AA2AE065272B7CC700679414 /* Frameworks */,
			);
			sourceTree = "<group>";
		};
		AA2AE04D272A8CCD00679414 /* Products */ = {
			isa = PBXGroup;
			children = (
				AA2AE04C272A8CCD00679414 /* StarXpandSDK.app */,
			);
			name = Products;
			sourceTree = "<group>";
		};
		AA2AE04E272A8CCD00679414 /* StarXpandSDK */ = {
			isa = PBXGroup;
			children = (
				DD32E79A28EA754F00372CB9 /* PrintingSamples */,
				AA2AE04F272A8CCD00679414 /* AppDelegate.swift */,
				AA2AE051272A8CCD00679414 /* SceneDelegate.swift */,
				AA2AE053272A8CCD00679414 /* ViewController.swift */,
				AA2AE055272A8CCD00679414 /* Main.storyboard */,
				AA2AE058272A8CCF00679414 /* Assets.xcassets */,
				AA2AE05A272A8CCF00679414 /* LaunchScreen.storyboard */,
				AA2AE05D272A8CCF00679414 /* Info.plist */,
				AA2AE063272B788D00679414 /* DiscoveryViewController.swift */,
				AA2AE06A272B8D2700679414 /* PrintingViewController.swift */,
				2C154D292865685800BBC7DE /* SpoolerViewController.swift */,
				AA2AE06C272B9DDF00679414 /* MonitorViewController.swift */,
				AA2AE06E272BB9AB00679414 /* StatusViewController.swift */,
				881AAC15275F4D7300D6ED67 /* logo_01.png */,
			);
			path = StarXpandSDK;
			sourceTree = "<group>";
		};
		AA2AE065272B7CC700679414 /* Frameworks */ = {
			isa = PBXGroup;
			children = (
			);
			name = Frameworks;
			sourceTree = "<group>";
		};
		DD32E79A28EA754F00372CB9 /* PrintingSamples */ = {
			isa = PBXGroup;
			children = (
				DD32E7C628F4E50A00372CB9 /* PrintingSamples.md */,
				DD32E79F28EA759600372CB9 /* Sample01_TamperProofLabel.swift */,
				DD32E7B028EEB06700372CB9 /* Sample02_DrinkLabel.swift */,
				DD32E7B228EEB07300372CB9 /* Sample03_NutritionFactsLabel.swift */,
				DD32E7B428EEB07D00372CB9 /* Sample04_FoodPrepLabel.swift */,
				DD87A8C2296E740800FAC6CC /* Sample05_FoodDelivery.swift */,
				DD32E7B628EEB08700372CB9 /* Sample06_ShippingAddressLabel.swift */,
				DD32E7BA28EEB09C00372CB9 /* Sample07_InventoryLabel.swift */,
				DD32E7AE28EEB05900372CB9 /* Sample08_FoodProductLabel.swift */,
				DD32E7BC28EEB0A700372CB9 /* Sample09_ExpirationLabelJP.swift */,
				DD32E7B828EEB09100372CB9 /* Sample10_FoodDeliveryThai.swift */,
				DD32E7C428EEB0CF00372CB9 /* Sample11_DeliLabel.swift */,
				DD32E7BE28EEB0B200372CB9 /* Sample12_JapaneseFoodLabelLunchBox.swift */,
				DD32E7C028EEB0BE00372CB9 /* Sample13_JapaneseFoodLabelCake.swift */,
				DD32E7C228EEB0C600372CB9 /* Sample14_ShelfLabelForInventory.swift */,
				9D33236B2ADD0B6E004B5AE8 /* Sample15_GraphicReceipt.swift */,
				DDDBDD6E2935DE49009FC078 /* images */,
			);
			path = PrintingSamples;
			sourceTree = "<group>";
		};
		DDDBDD6E2935DE49009FC078 /* images */ = {
			isa = PBXGroup;
			children = (
				DD87A8A2296E138F00FAC6CC /* Sample01_TamperProofLabel.png */,
				DD87A8A4296E139700FAC6CC /* Sample02_DrinkLabel.png */,
				DD87A8A6296E139E00FAC6CC /* Sample03_NutritionFactsLabel.png */,
				DD87A8A8296E13B700FAC6CC /* Sample04_FoodPrepLabel.png */,
				DD87A8AA296E13C100FAC6CC /* Sample05_FoodDelivery.png */,
				DD87A8AC296E13CA00FAC6CC /* Sample06_ShippingAddressLabel.png */,
				DD87A8AE296E13D200FAC6CC /* Sample07_InventoryLabel.png */,
				DD87A8B0296E13D800FAC6CC /* Sample08_FoodProductLabel.png */,
				DD87A8B2296E13E200FAC6CC /* Sample09_ExpirationLabelJP.png */,
				DD87A8B4296E13E800FAC6CC /* Sample10_FoodDeliveryThai.png */,
				DD87A8B6296E13F100FAC6CC /* Sample11_DeliLabel.png */,
				DD87A8B8296E13FA00FAC6CC /* Sample12_JapaneseFoodLabelLunchBox.png */,
				DD87A8BA296E140100FAC6CC /* Sample13_JapaneseFoodLabelCake.png */,
				DD87A8BC296E140800FAC6CC /* Sample14_ShelfLabelForInventory.png */,
				DD32E7A828EEB01800372CB9 /* sample01_tamper_proof_label_checked.png */,
				DD32E7AA28EEB01E00372CB9 /* sample12_japanese_food_label_lunch_box_plastic.png */,
				DD32E7AC28EEB02400372CB9 /* sample13_japanese_food_label_lunch_cake_plastic.png */,
			);
			path = images;
			sourceTree = "<group>";
		};
/* End PBXGroup section */

/* Begin PBXNativeTarget section */
		AA2AE04B272A8CCD00679414 /* StarXpandSDK */ = {
			isa = PBXNativeTarget;
			buildConfigurationList = AA2AE060272A8CCF00679414 /* Build configuration list for PBXNativeTarget "StarXpandSDK" */;
			buildPhases = (
				AA2AE048272A8CCD00679414 /* Sources */,
				AA2AE049272A8CCD00679414 /* Frameworks */,
				AA2AE04A272A8CCD00679414 /* Resources */,
			);
			buildRules = (
			);
			dependencies = (
			);
			name = StarXpandSDK;
			packageProductDependencies = (
				8882FC90279968E0003AA845 /* StarIO10 */,
			);
			productName = StarXpandSDK;
			productReference = AA2AE04C272A8CCD00679414 /* StarXpandSDK.app */;
			productType = "com.apple.product-type.application";
		};
/* End PBXNativeTarget section */

/* Begin PBXProject section */
		AA2AE044272A8CCD00679414 /* Project object */ = {
			isa = PBXProject;
			attributes = {
				BuildIndependentTargetsInParallel = 1;
				LastSwiftUpdateCheck = 1300;
				LastUpgradeCheck = 1300;
				TargetAttributes = {
					AA2AE04B272A8CCD00679414 = {
						CreatedOnToolsVersion = 13.0;
					};
				};
			};
			buildConfigurationList = AA2AE047272A8CCD00679414 /* Build configuration list for PBXProject "StarXpandSDK" */;
			compatibilityVersion = "Xcode 13.0";
			developmentRegion = en;
			hasScannedForEncodings = 0;
			knownRegions = (
				en,
				Base,
			);
			mainGroup = AA2AE043272A8CCD00679414;
			packageReferences = (
			);
			productRefGroup = AA2AE04D272A8CCD00679414 /* Products */;
			projectDirPath = "";
			projectRoot = "";
			targets = (
				AA2AE04B272A8CCD00679414 /* StarXpandSDK */,
			);
		};
/* End PBXProject section */

/* Begin PBXResourcesBuildPhase section */
		AA2AE04A272A8CCD00679414 /* Resources */ = {
			isa = PBXResourcesBuildPhase;
			buildActionMask = 2147483647;
			files = (
				DD32E7AB28EEB01E00372CB9 /* sample12_japanese_food_label_lunch_box_plastic.png in Resources */,
				DD87A8A9296E13B700FAC6CC /* Sample04_FoodPrepLabel.png in Resources */,
				DD87A8B1296E13D800FAC6CC /* Sample08_FoodProductLabel.png in Resources */,
				AA2AE05C272A8CCF00679414 /* LaunchScreen.storyboard in Resources */,
				DD87A8AD296E13CA00FAC6CC /* Sample06_ShippingAddressLabel.png in Resources */,
				AA2AE059272A8CCF00679414 /* Assets.xcassets in Resources */,
				DD32E7AD28EEB02400372CB9 /* sample13_japanese_food_label_lunch_cake_plastic.png in Resources */,
				DD87A8B7296E13F100FAC6CC /* Sample11_DeliLabel.png in Resources */,
				AA2AE057272A8CCD00679414 /* Main.storyboard in Resources */,
				DD87A8AF296E13D200FAC6CC /* Sample07_InventoryLabel.png in Resources */,
				DD87A8A5296E139700FAC6CC /* Sample02_DrinkLabel.png in Resources */,
				DD87A8AB296E13C100FAC6CC /* Sample05_FoodDelivery.png in Resources */,
				DD32E7A928EEB01800372CB9 /* sample01_tamper_proof_label_checked.png in Resources */,
				DD87A8B5296E13E800FAC6CC /* Sample10_FoodDeliveryThai.png in Resources */,
				DD87A8A3296E138F00FAC6CC /* Sample01_TamperProofLabel.png in Resources */,
				DD87A8B3296E13E200FAC6CC /* Sample09_ExpirationLabelJP.png in Resources */,
				DD32E7C728F4E50A00372CB9 /* PrintingSamples.md in Resources */,
				881AAC16275F4D7300D6ED67 /* logo_01.png in Resources */,
				DD87A8BB296E140100FAC6CC /* Sample13_JapaneseFoodLabelCake.png in Resources */,
				DD87A8BD296E140800FAC6CC /* Sample14_ShelfLabelForInventory.png in Resources */,
				DD87A8A7296E139E00FAC6CC /* Sample03_NutritionFactsLabel.png in Resources */,
				DD87A8B9296E13FA00FAC6CC /* Sample12_JapaneseFoodLabelLunchBox.png in Resources */,
			);
			runOnlyForDeploymentPostprocessing = 0;
		};
/* End PBXResourcesBuildPhase section */

/* Begin PBXSourcesBuildPhase section */
		AA2AE048272A8CCD00679414 /* Sources */ = {
			isa = PBXSourcesBuildPhase;
			buildActionMask = 2147483647;
			files = (
				DD32E7C128EEB0BE00372CB9 /* Sample13_JapaneseFoodLabelCake.swift in Sources */,
				DD32E7AF28EEB05900372CB9 /* Sample08_FoodProductLabel.swift in Sources */,
				DD32E7BB28EEB09C00372CB9 /* Sample07_InventoryLabel.swift in Sources */,
				DD32E7C528EEB0CF00372CB9 /* Sample11_DeliLabel.swift in Sources */,
				DD32E7B128EEB06700372CB9 /* Sample02_DrinkLabel.swift in Sources */,
				AA2AE06F272BB9AB00679414 /* StatusViewController.swift in Sources */,
				2C154D2A2865685800BBC7DE /* SpoolerViewController.swift in Sources */,
				DD32E7BF28EEB0B200372CB9 /* Sample12_JapaneseFoodLabelLunchBox.swift in Sources */,
				AA2AE054272A8CCD00679414 /* ViewController.swift in Sources */,
				DD87A8C3296E740800FAC6CC /* Sample05_FoodDelivery.swift in Sources */,
				DD32E7B928EEB09100372CB9 /* Sample10_FoodDeliveryThai.swift in Sources */,
				DD32E7C328EEB0C600372CB9 /* Sample14_ShelfLabelForInventory.swift in Sources */,
				DD32E7B528EEB07D00372CB9 /* Sample04_FoodPrepLabel.swift in Sources */,
				AA2AE06D272B9DDF00679414 /* MonitorViewController.swift in Sources */,
				DD32E7A228EA759600372CB9 /* Sample01_TamperProofLabel.swift in Sources */,
				DD32E7B328EEB07300372CB9 /* Sample03_NutritionFactsLabel.swift in Sources */,
				9D33236C2ADD0B6F004B5AE8 /* Sample15_GraphicReceipt.swift in Sources */,
				AA2AE06B272B8D2700679414 /* PrintingViewController.swift in Sources */,
				DD32E7BD28EEB0A700372CB9 /* Sample09_ExpirationLabelJP.swift in Sources */,
				AA2AE050272A8CCD00679414 /* AppDelegate.swift in Sources */,
				AA2AE052272A8CCD00679414 /* SceneDelegate.swift in Sources */,
				AA2AE064272B788D00679414 /* DiscoveryViewController.swift in Sources */,
				DD32E7B728EEB08700372CB9 /* Sample06_ShippingAddressLabel.swift in Sources */,
			);
			runOnlyForDeploymentPostprocessing = 0;
		};
/* End PBXSourcesBuildPhase section */

/* Begin PBXVariantGroup section */
		AA2AE055272A8CCD00679414 /* Main.storyboard */ = {
			isa = PBXVariantGroup;
			children = (
				AA2AE056272A8CCD00679414 /* Base */,
			);
			name = Main.storyboard;
			sourceTree = "<group>";
		};
		AA2AE05A272A8CCF00679414 /* LaunchScreen.storyboard */ = {
			isa = PBXVariantGroup;
			children = (
				AA2AE05B272A8CCF00679414 /* Base */,
			);
			name = LaunchScreen.storyboard;
			sourceTree = "<group>";
		};
/* End PBXVariantGroup section */

/* Begin XCBuildConfiguration section */
		AA2AE05E272A8CCF00679414 /* Debug */ = {
			isa = XCBuildConfiguration;
			buildSettings = {
				ALWAYS_SEARCH_USER_PATHS = NO;
				CLANG_ANALYZER_NONNULL = YES;
				CLANG_ANALYZER_NUMBER_OBJECT_CONVERSION = YES_AGGRESSIVE;
				CLANG_CXX_LANGUAGE_STANDARD = "gnu++17";
				CLANG_CXX_LIBRARY = "libc++";
				CLANG_ENABLE_MODULES = YES;
				CLANG_ENABLE_OBJC_ARC = YES;
				CLANG_ENABLE_OBJC_WEAK = YES;
				CLANG_WARN_BLOCK_CAPTURE_AUTORELEASING = YES;
				CLANG_WARN_BOOL_CONVERSION = YES;
				CLANG_WARN_COMMA = YES;
				CLANG_WARN_CONSTANT_CONVERSION = YES;
				CLANG_WARN_DEPRECATED_OBJC_IMPLEMENTATIONS = YES;
				CLANG_WARN_DIRECT_OBJC_ISA_USAGE = YES_ERROR;
				CLANG_WARN_DOCUMENTATION_COMMENTS = YES;
				CLANG_WARN_EMPTY_BODY = YES;
				CLANG_WARN_ENUM_CONVERSION = YES;
				CLANG_WARN_INFINITE_RECURSION = YES;
				CLANG_WARN_INT_CONVERSION = YES;
				CLANG_WARN_NON_LITERAL_NULL_CONVERSION = YES;
				CLANG_WARN_OBJC_IMPLICIT_RETAIN_SELF = YES;
				CLANG_WARN_OBJC_LITERAL_CONVERSION = YES;
				CLANG_WARN_OBJC_ROOT_CLASS = YES_ERROR;
				CLANG_WARN_QUOTED_INCLUDE_IN_FRAMEWORK_HEADER = YES;
				CLANG_WARN_RANGE_LOOP_ANALYSIS = YES;
				CLANG_WARN_STRICT_PROTOTYPES = YES;
				CLANG_WARN_SUSPICIOUS_MOVE = YES;
				CLANG_WARN_UNGUARDED_AVAILABILITY = YES_AGGRESSIVE;
				CLANG_WARN_UNREACHABLE_CODE = YES;
				CLANG_WARN__DUPLICATE_METHOD_MATCH = YES;
				COPY_PHASE_STRIP = NO;
				DEBUG_INFORMATION_FORMAT = dwarf;
				ENABLE_STRICT_OBJC_MSGSEND = YES;
				ENABLE_TESTABILITY = YES;
				GCC_C_LANGUAGE_STANDARD = gnu11;
				GCC_DYNAMIC_NO_PIC = NO;
				GCC_NO_COMMON_BLOCKS = YES;
				GCC_OPTIMIZATION_LEVEL = 0;
				GCC_PREPROCESSOR_DEFINITIONS = (
					"DEBUG=1",
					"$(inherited)",
				);
				GCC_WARN_64_TO_32_BIT_CONVERSION = YES;
				GCC_WARN_ABOUT_RETURN_TYPE = YES_ERROR;
				GCC_WARN_UNDECLARED_SELECTOR = YES;
				GCC_WARN_UNINITIALIZED_AUTOS = YES_AGGRESSIVE;
				GCC_WARN_UNUSED_FUNCTION = YES;
				GCC_WARN_UNUSED_VARIABLE = YES;
				IPHONEOS_DEPLOYMENT_TARGET = 13.0;
				MTL_ENABLE_DEBUG_INFO = INCLUDE_SOURCE;
				MTL_FAST_MATH = YES;
				ONLY_ACTIVE_ARCH = YES;
				SDKROOT = iphoneos;
				SWIFT_ACTIVE_COMPILATION_CONDITIONS = DEBUG;
				SWIFT_OPTIMIZATION_LEVEL = "-Onone";
			};
			name = Debug;
		};
		AA2AE05F272A8CCF00679414 /* Release */ = {
			isa = XCBuildConfiguration;
			buildSettings = {
				ALWAYS_SEARCH_USER_PATHS = NO;
				CLANG_ANALYZER_NONNULL = YES;
				CLANG_ANALYZER_NUMBER_OBJECT_CONVERSION = YES_AGGRESSIVE;
				CLANG_CXX_LANGUAGE_STANDARD = "gnu++17";
				CLANG_CXX_LIBRARY = "libc++";
				CLANG_ENABLE_MODULES = YES;
				CLANG_ENABLE_OBJC_ARC = YES;
				CLANG_ENABLE_OBJC_WEAK = YES;
				CLANG_WARN_BLOCK_CAPTURE_AUTORELEASING = YES;
				CLANG_WARN_BOOL_CONVERSION = YES;
				CLANG_WARN_COMMA = YES;
				CLANG_WARN_CONSTANT_CONVERSION = YES;
				CLANG_WARN_DEPRECATED_OBJC_IMPLEMENTATIONS = YES;
				CLANG_WARN_DIRECT_OBJC_ISA_USAGE = YES_ERROR;
				CLANG_WARN_DOCUMENTATION_COMMENTS = YES;
				CLANG_WARN_EMPTY_BODY = YES;
				CLANG_WARN_ENUM_CONVERSION = YES;
				CLANG_WARN_INFINITE_RECURSION = YES;
				CLANG_WARN_INT_CONVERSION = YES;
				CLANG_WARN_NON_LITERAL_NULL_CONVERSION = YES;
				CLANG_WARN_OBJC_IMPLICIT_RETAIN_SELF = YES;
				CLANG_WARN_OBJC_LITERAL_CONVERSION = YES;
				CLANG_WARN_OBJC_ROOT_CLASS = YES_ERROR;
				CLANG_WARN_QUOTED_INCLUDE_IN_FRAMEWORK_HEADER = YES;
				CLANG_WARN_RANGE_LOOP_ANALYSIS = YES;
				CLANG_WARN_STRICT_PROTOTYPES = YES;
				CLANG_WARN_SUSPICIOUS_MOVE = YES;
				CLANG_WARN_UNGUARDED_AVAILABILITY = YES_AGGRESSIVE;
				CLANG_WARN_UNREACHABLE_CODE = YES;
				CLANG_WARN__DUPLICATE_METHOD_MATCH = YES;
				COPY_PHASE_STRIP = NO;
				DEBUG_INFORMATION_FORMAT = "dwarf-with-dsym";
				ENABLE_NS_ASSERTIONS = NO;
				ENABLE_STRICT_OBJC_MSGSEND = YES;
				GCC_C_LANGUAGE_STANDARD = gnu11;
				GCC_NO_COMMON_BLOCKS = YES;
				GCC_WARN_64_TO_32_BIT_CONVERSION = YES;
				GCC_WARN_ABOUT_RETURN_TYPE = YES_ERROR;
				GCC_WARN_UNDECLARED_SELECTOR = YES;
				GCC_WARN_UNINITIALIZED_AUTOS = YES_AGGRESSIVE;
				GCC_WARN_UNUSED_FUNCTION = YES;
				GCC_WARN_UNUSED_VARIABLE = YES;
				IPHONEOS_DEPLOYMENT_TARGET = 13.0;
				MTL_ENABLE_DEBUG_INFO = NO;
				MTL_FAST_MATH = YES;
				SDKROOT = iphoneos;
				SWIFT_COMPILATION_MODE = wholemodule;
				SWIFT_OPTIMIZATION_LEVEL = "-O";
				VALIDATE_PRODUCT = YES;
			};
			name = Release;
		};
		AA2AE061272A8CCF00679414 /* Debug */ = {
			isa = XCBuildConfiguration;
			buildSettings = {
				ASSETCATALOG_COMPILER_APPICON_NAME = AppIcon;
				ASSETCATALOG_COMPILER_GLOBAL_ACCENT_COLOR_NAME = AccentColor;
				CODE_SIGN_STYLE = Automatic;
				CURRENT_PROJECT_VERSION = 1;
				DEVELOPMENT_TEAM = MWPD5A288Z;
				GENERATE_INFOPLIST_FILE = YES;
				INFOPLIST_FILE = StarXpandSDK/Info.plist;
				INFOPLIST_KEY_NSBluetoothAlwaysUsageDescription = "Use Bluetooth for communication with the printer.";
				INFOPLIST_KEY_NSLocalNetworkUsageDescription = "Use Local Network for communication with the printer or discovery the printers.";
				INFOPLIST_KEY_UIApplicationSupportsIndirectInputEvents = YES;
				INFOPLIST_KEY_UILaunchStoryboardName = LaunchScreen;
				INFOPLIST_KEY_UIMainStoryboardFile = Main;
				INFOPLIST_KEY_UISupportedInterfaceOrientations = UIInterfaceOrientationPortrait;
				INFOPLIST_KEY_UISupportedInterfaceOrientations_iPad = "UIInterfaceOrientationPortrait UIInterfaceOrientationPortraitUpsideDown UIInterfaceOrientationLandscapeLeft UIInterfaceOrientationLandscapeRight";
				INFOPLIST_KEY_UISupportedInterfaceOrientations_iPhone = "UIInterfaceOrientationPortrait UIInterfaceOrientationLandscapeLeft UIInterfaceOrientationLandscapeRight";
				IPHONEOS_DEPLOYMENT_TARGET = 13.0;
				LD_RUNPATH_SEARCH_PATHS = (
					"$(inherited)",
					"@executable_path/Frameworks",
				);
				MARKETING_VERSION = 2.5.0;
				PRODUCT_BUNDLE_IDENTIFIER = "jp.star-m.StarXpandSDK";
				PRODUCT_NAME = "$(TARGET_NAME)";
				SWIFT_EMIT_LOC_STRINGS = YES;
				SWIFT_VERSION = 5.0;
				TARGETED_DEVICE_FAMILY = "1,2";
			};
			name = Debug;
		};
		AA2AE062272A8CCF00679414 /* Release */ = {
			isa = XCBuildConfiguration;
			buildSettings = {
				ASSETCATALOG_COMPILER_APPICON_NAME = AppIcon;
				ASSETCATALOG_COMPILER_GLOBAL_ACCENT_COLOR_NAME = AccentColor;
				CODE_SIGN_STYLE = Automatic;
				CURRENT_PROJECT_VERSION = 1;
				DEVELOPMENT_TEAM = MWPD5A288Z;
				GENERATE_INFOPLIST_FILE = YES;
				INFOPLIST_FILE = StarXpandSDK/Info.plist;
				INFOPLIST_KEY_NSBluetoothAlwaysUsageDescription = "Use Bluetooth for communication with the printer.";
				INFOPLIST_KEY_NSLocalNetworkUsageDescription = "Use Local Network for communication with the printer or discovery the printers.";
				INFOPLIST_KEY_UIApplicationSupportsIndirectInputEvents = YES;
				INFOPLIST_KEY_UILaunchStoryboardName = LaunchScreen;
				INFOPLIST_KEY_UIMainStoryboardFile = Main;
				INFOPLIST_KEY_UISupportedInterfaceOrientations = UIInterfaceOrientationPortrait;
				INFOPLIST_KEY_UISupportedInterfaceOrientations_iPad = "UIInterfaceOrientationPortrait UIInterfaceOrientationPortraitUpsideDown UIInterfaceOrientationLandscapeLeft UIInterfaceOrientationLandscapeRight";
				INFOPLIST_KEY_UISupportedInterfaceOrientations_iPhone = "UIInterfaceOrientationPortrait UIInterfaceOrientationLandscapeLeft UIInterfaceOrientationLandscapeRight";
				IPHONEOS_DEPLOYMENT_TARGET = 13.0;
				LD_RUNPATH_SEARCH_PATHS = (
					"$(inherited)",
					"@executable_path/Frameworks",
				);
				MARKETING_VERSION = 2.5.0;
				PRODUCT_BUNDLE_IDENTIFIER = "jp.star-m.StarXpandSDK";
				PRODUCT_NAME = "$(TARGET_NAME)";
				SWIFT_EMIT_LOC_STRINGS = YES;
				SWIFT_VERSION = 5.0;
				TARGETED_DEVICE_FAMILY = "1,2";
			};
			name = Release;
		};
/* End XCBuildConfiguration section */

/* Begin XCConfigurationList section */
		AA2AE047272A8CCD00679414 /* Build configuration list for PBXProject "StarXpandSDK" */ = {
			isa = XCConfigurationList;
			buildConfigurations = (
				AA2AE05E272A8CCF00679414 /* Debug */,
				AA2AE05F272A8CCF00679414 /* Release */,
			);
			defaultConfigurationIsVisible = 0;
			defaultConfigurationName = Release;
		};
		AA2AE060272A8CCF00679414 /* Build configuration list for PBXNativeTarget "StarXpandSDK" */ = {
			isa = XCConfigurationList;
			buildConfigurations = (
				AA2AE061272A8CCF00679414 /* Debug */,
				AA2AE062272A8CCF00679414 /* Release */,
			);
			defaultConfigurationIsVisible = 0;
			defaultConfigurationName = Release;
		};
/* End XCConfigurationList section */

/* Begin XCSwiftPackageProductDependency section */
		8882FC90279968E0003AA845 /* StarIO10 */ = {
			isa = XCSwiftPackageProductDependency;
			productName = StarIO10;
		};
/* End XCSwiftPackageProductDependency section */
	};
	rootObject = AA2AE044272A8CCD00679414 /* Project object */;
}
